# capa.lock - AUTO-GENERATED by `capa install`. DO NOT EDIT.
# Re-running `capa install` rewrites this file from capa.toml.

[[dependencies]]
name = "capa_hash"
git = "https://github.com/nelsonduarte/capa_hash"
pin = "v0.1.1"
pin_kind = "tag"
commit = "d4d25c644491b7daa6f3b0c30083f2bbfb93d29f"
signing_key = "6C1D222D491FB88031E041A536CFB426101AA24B"
